{
  "name": "campus-digital-twin",
  "version": "1.0.0",
  "lockfileVersion": 3,
  "requires": true,
  "packages": {
    "": {
      "name": "campus-digital-twin",
      "version": "1.0.0",
      "license": "ISC",
      "dependencies": {
        "arcgis-js-api": "^4.28.10"
      }
    },
    "node_modules/arcgis-js-api": {
      "version": "4.28.10",
      "resolved": "https://registry.npmjs.org/arcgis-js-api/-/arcgis-js-api-4.28.10.tgz",
      "integrity": "sha512-WGfTt8BZMATcbxBfU7KldeKzmEN15YZgi+7+sZ/3bSTczrVZBjlb0Jh/1fMwDvDnDQ06c1EW6dxtv0qPaS9rmA=="
    }
  }
}
